
Microsoft Visual Studio Solution File, Format Version 12.00
# Visual Studio Version 16
VisualStudioVersion = 16.0.31205.134
MinimumVisualStudioVersion = 10.0.40219.1
Project("{9A19103F-16F7-4668-BE54-9A1E7A4F7556}") = "BusRoutesFinder", "BusRoute\BusRoutesFinder.csproj", "{452AB3D3-3884-465B-A7AC-27C40023328C}"
EndProject
Project("{FAE04EC0-301F-11D3-BF4B-00C04F79EFBC}") = "BusRoutesFinder.Test", "BusRoute.Test\BusRoutesFinder.Test.csproj", "{96A30B68-FC9E-498B-9E58-B8839EE38E73}"
EndProject
Global
	GlobalSection(SolutionConfigurationPlatforms) = preSolution
		Debug|Any CPU = Debug|Any CPU
		Release|Any CPU = Release|Any CPU
	EndGlobalSection
	GlobalSection(ProjectConfigurationPlatforms) = postSolution
		{452AB3D3-3884-465B-A7AC-27C40023328C}.Debug|Any CPU.ActiveCfg = Debug|Any CPU
		{452AB3D3-3884-465B-A7AC-27C40023328C}.Debug|Any CPU.Build.0 = Debug|Any CPU
		{452AB3D3-3884-465B-A7AC-27C40023328C}.Release|Any CPU.ActiveCfg = Release|Any CPU
		{452AB3D3-3884-465B-A7AC-27C40023328C}.Release|Any CPU.Build.0 = Release|Any CPU
		{96A30B68-FC9E-498B-9E58-B8839EE38E73}.Debug|Any CPU.ActiveCfg = Debug|Any CPU
		{96A30B68-FC9E-498B-9E58-B8839EE38E73}.Debug|Any CPU.Build.0 = Debug|Any CPU
		{96A30B68-FC9E-498B-9E58-B8839EE38E73}.Release|Any CPU.ActiveCfg = Release|Any CPU
		{96A30B68-FC9E-498B-9E58-B8839EE38E73}.Release|Any CPU.Build.0 = Release|Any CPU
	EndGlobalSection
	GlobalSection(SolutionProperties) = preSolution
		HideSolutionNode = FALSE
	EndGlobalSection
	GlobalSection(ExtensibilityGlobals) = postSolution
		SolutionGuid = {11C7371F-4474-42D5-B497-FAD166BD2309}
	EndGlobalSection
EndGlobal
