
Microsoft Visual Studio Solution File, Format Version 12.00
# Visual Studio Version 16
VisualStudioVersion = 16.0.31205.134
MinimumVisualStudioVersion = 10.0.40219.1
Project("{9A19103F-16F7-4668-BE54-9A1E7A4F7556}") = "BusRoutesFinder", "BusRoutesFinder\BusRoutesFinder.csproj", "{A783D16F-C79B-4DEA-99C4-6998AEAC9B05}"
EndProject
Project("{9A19103F-16F7-4668-BE54-9A1E7A4F7556}") = "BusRoutesFinder.Test", "BusRoutesFinder.Tests\BusRoutesFinder.Test.csproj", "{7DE3730A-F5C0-4A28-95A7-CE413726C5A8}"
EndProject
Global
	GlobalSection(SolutionConfigurationPlatforms) = preSolution
		Debug|Any CPU = Debug|Any CPU
		Release|Any CPU = Release|Any CPU
	EndGlobalSection
	GlobalSection(ProjectConfigurationPlatforms) = postSolution
		{A783D16F-C79B-4DEA-99C4-6998AEAC9B05}.Debug|Any CPU.ActiveCfg = Debug|Any CPU
		{A783D16F-C79B-4DEA-99C4-6998AEAC9B05}.Debug|Any CPU.Build.0 = Debug|Any CPU
		{A783D16F-C79B-4DEA-99C4-6998AEAC9B05}.Release|Any CPU.ActiveCfg = Release|Any CPU
		{A783D16F-C79B-4DEA-99C4-6998AEAC9B05}.Release|Any CPU.Build.0 = Release|Any CPU
		{7DE3730A-F5C0-4A28-95A7-CE413726C5A8}.Debug|Any CPU.ActiveCfg = Debug|Any CPU
		{7DE3730A-F5C0-4A28-95A7-CE413726C5A8}.Debug|Any CPU.Build.0 = Debug|Any CPU
		{7DE3730A-F5C0-4A28-95A7-CE413726C5A8}.Release|Any CPU.ActiveCfg = Release|Any CPU
		{7DE3730A-F5C0-4A28-95A7-CE413726C5A8}.Release|Any CPU.Build.0 = Release|Any CPU
	EndGlobalSection
	GlobalSection(SolutionProperties) = preSolution
		HideSolutionNode = FALSE
	EndGlobalSection
	GlobalSection(ExtensibilityGlobals) = postSolution
		SolutionGuid = {11C7371F-4474-42D5-B497-FAD166BD2309}
	EndGlobalSection
EndGlobal
